
Microsoft Visual Studio Solution File, Format Version 12.00
Project("{9A19103F-16F7-4668-BE54-9A1E7A4F7556}") = "AlweStats", "AlweStats.csproj", "{50038FF3-2648-41F2-B9C8-9B629E68A42F}"
EndProject
Global
	GlobalSection(SolutionConfigurationPlatforms) = preSolution
		Debug|Any CPU = Debug|Any CPU
		Release|Any CPU = Release|Any CPU
	EndGlobalSection
	GlobalSection(ProjectConfigurationPlatforms) = postSolution
		{50038FF3-2648-41F2-B9C8-9B629E68A42F}.Debug|Any CPU.ActiveCfg = Debug|Any CPU
		{50038FF3-2648-41F2-B9C8-9B629E68A42F}.Debug|Any CPU.Build.0 = Debug|Any CPU
		{50038FF3-2648-41F2-B9C8-9B629E68A42F}.Release|Any CPU.ActiveCfg = Release|Any CPU
		{50038FF3-2648-41F2-B9C8-9B629E68A42F}.Release|Any CPU.Build.0 = Release|Any CPU
	EndGlobalSection
	GlobalSection(SolutionProperties) = preSolution
		HideSolutionNode = FALSE
	EndGlobalSection
	GlobalSection(ExtensibilityGlobals) = postSolution
		SolutionGuid = {DB37FF9E-2411-4B36-A7C3-E1D9B860295D}
	EndGlobalSection
EndGlobal
